
Microsoft Visual Studio Solution File, Format Version 12.00
# Visual Studio Version 17
VisualStudioVersion = 17.6.33723.286
MinimumVisualStudioVersion = 10.0.40219.1
Project("{2150E333-8FDC-42A3-9474-1A3956D46DE8}") = "src", "src", "{B5F200F5-8D51-407D-B3AF-10E4415446D7}"
EndProject
Project("{2150E333-8FDC-42A3-9474-1A3956D46DE8}") = "Apps", "Apps", "{42EDE64C-F9C8-4FF5-A98D-9B3A95167E8B}"
EndProject
Project("{2150E333-8FDC-42A3-9474-1A3956D46DE8}") = "Foundation", "Foundation", "{FFF4ACBA-6989-4864-A5BD-604E464CB286}"
EndProject
Project("{2150E333-8FDC-42A3-9474-1A3956D46DE8}") = "Infrastructure", "Infrastructure", "{99E47844-C760-4523-9461-6561A65D1B8E}"
EndProject
Project("{2150E333-8FDC-42A3-9474-1A3956D46DE8}") = "ServerServices", "ServerServices", "{D8FB9A9C-D2C0-4DD4-B191-4964FD1391B5}"
EndProject
Project("{2150E333-8FDC-42A3-9474-1A3956D46DE8}") = "API", "API", "{A6BDCBE5-72BD-4FB3-9481-1FA7E27040E8}"
EndProject
Project("{2150E333-8FDC-42A3-9474-1A3956D46DE8}") = "Postgres", "Postgres", "{C49C9C36-A08E-4761-8B3E-1E4225985FE6}"
EndProject
Project("{9A19103F-16F7-4668-BE54-9A1E7A4F7556}") = "AspNetCoreWebApp", "src\Apps\AspNetCoreWebApp\AspNetCoreWebApp.csproj", "{DD21EE40-3B71-4BED-8716-A533C6426FA4}"
EndProject
Project("{9A19103F-16F7-4668-BE54-9A1E7A4F7556}") = "Practice.Foundation.Infrastructure", "src\Foundation\Infratstructure\Practice.Foundation.Infrastructure.csproj", "{53761080-CA2F-420F-B9AB-6151083EE0AE}"
EndProject
Project("{9A19103F-16F7-4668-BE54-9A1E7A4F7556}") = "Practice.Services.API", "src\ServerServices\Postgres\Practice.Services.API.csproj", "{B7A2313C-EAF7-4FFA-948D-0EFC597815D4}"
EndProject
Project("{2150E333-8FDC-42A3-9474-1A3956D46DE8}") = "Server", "Server", "{82BF6BC0-ABC0-44C8-9B67-BD8D38C00EAA}"
EndProject
Project("{2150E333-8FDC-42A3-9474-1A3956D46DE8}") = "APIManagers", "APIManagers", "{85D2C05F-20AA-4BA7-99EF-D4D532952BCF}"
EndProject
Project("{9A19103F-16F7-4668-BE54-9A1E7A4F7556}") = "Practice.Services.APIManagers", "src\Services\APIManagers\Practice.Services.APIManagers.csproj", "{1878B328-CBA0-4176-A41C-B13AC40362C6}"
EndProject
Global
	GlobalSection(SolutionConfigurationPlatforms) = preSolution
		Debug|Any CPU = Debug|Any CPU
		Release|Any CPU = Release|Any CPU
	EndGlobalSection
	GlobalSection(ProjectConfigurationPlatforms) = postSolution
		{DD21EE40-3B71-4BED-8716-A533C6426FA4}.Debug|Any CPU.ActiveCfg = Debug|Any CPU
		{DD21EE40-3B71-4BED-8716-A533C6426FA4}.Debug|Any CPU.Build.0 = Debug|Any CPU
		{DD21EE40-3B71-4BED-8716-A533C6426FA4}.Release|Any CPU.ActiveCfg = Release|Any CPU
		{DD21EE40-3B71-4BED-8716-A533C6426FA4}.Release|Any CPU.Build.0 = Release|Any CPU
		{53761080-CA2F-420F-B9AB-6151083EE0AE}.Debug|Any CPU.ActiveCfg = Debug|Any CPU
		{53761080-CA2F-420F-B9AB-6151083EE0AE}.Debug|Any CPU.Build.0 = Debug|Any CPU
		{53761080-CA2F-420F-B9AB-6151083EE0AE}.Release|Any CPU.ActiveCfg = Release|Any CPU
		{53761080-CA2F-420F-B9AB-6151083EE0AE}.Release|Any CPU.Build.0 = Release|Any CPU
		{B7A2313C-EAF7-4FFA-948D-0EFC597815D4}.Debug|Any CPU.ActiveCfg = Debug|Any CPU
		{B7A2313C-EAF7-4FFA-948D-0EFC597815D4}.Debug|Any CPU.Build.0 = Debug|Any CPU
		{B7A2313C-EAF7-4FFA-948D-0EFC597815D4}.Release|Any CPU.ActiveCfg = Release|Any CPU
		{B7A2313C-EAF7-4FFA-948D-0EFC597815D4}.Release|Any CPU.Build.0 = Release|Any CPU
		{1878B328-CBA0-4176-A41C-B13AC40362C6}.Debug|Any CPU.ActiveCfg = Debug|Any CPU
		{1878B328-CBA0-4176-A41C-B13AC40362C6}.Debug|Any CPU.Build.0 = Debug|Any CPU
		{1878B328-CBA0-4176-A41C-B13AC40362C6}.Release|Any CPU.ActiveCfg = Release|Any CPU
		{1878B328-CBA0-4176-A41C-B13AC40362C6}.Release|Any CPU.Build.0 = Release|Any CPU
	EndGlobalSection
	GlobalSection(SolutionProperties) = preSolution
		HideSolutionNode = FALSE
	EndGlobalSection
	GlobalSection(NestedProjects) = preSolution
		{42EDE64C-F9C8-4FF5-A98D-9B3A95167E8B} = {B5F200F5-8D51-407D-B3AF-10E4415446D7}
		{FFF4ACBA-6989-4864-A5BD-604E464CB286} = {B5F200F5-8D51-407D-B3AF-10E4415446D7}
		{99E47844-C760-4523-9461-6561A65D1B8E} = {FFF4ACBA-6989-4864-A5BD-604E464CB286}
		{D8FB9A9C-D2C0-4DD4-B191-4964FD1391B5} = {B5F200F5-8D51-407D-B3AF-10E4415446D7}
		{A6BDCBE5-72BD-4FB3-9481-1FA7E27040E8} = {D8FB9A9C-D2C0-4DD4-B191-4964FD1391B5}
		{C49C9C36-A08E-4761-8B3E-1E4225985FE6} = {A6BDCBE5-72BD-4FB3-9481-1FA7E27040E8}
		{DD21EE40-3B71-4BED-8716-A533C6426FA4} = {42EDE64C-F9C8-4FF5-A98D-9B3A95167E8B}
		{53761080-CA2F-420F-B9AB-6151083EE0AE} = {99E47844-C760-4523-9461-6561A65D1B8E}
		{B7A2313C-EAF7-4FFA-948D-0EFC597815D4} = {C49C9C36-A08E-4761-8B3E-1E4225985FE6}
		{82BF6BC0-ABC0-44C8-9B67-BD8D38C00EAA} = {B5F200F5-8D51-407D-B3AF-10E4415446D7}
		{85D2C05F-20AA-4BA7-99EF-D4D532952BCF} = {82BF6BC0-ABC0-44C8-9B67-BD8D38C00EAA}
		{1878B328-CBA0-4176-A41C-B13AC40362C6} = {85D2C05F-20AA-4BA7-99EF-D4D532952BCF}
	EndGlobalSection
	GlobalSection(ExtensibilityGlobals) = postSolution
		SolutionGuid = {45397AE8-0C86-4906-ABE9-0D6AFAAF1936}
	EndGlobalSection
EndGlobal
